
Microsoft Visual Studio Solution File, Format Version 12.00
# Visual Studio Version 16
VisualStudioVersion = 16.0.30114.105
MinimumVisualStudioVersion = 10.0.40219.1
Project("{FAE04EC0-301F-11D3-BF4B-00C04F79EFBC}") = "WebApi", "WebApi\WebApi.csproj", "{710ACF9B-ACD0-4222-A46F-AA0C746819DD}"
EndProject
Project("{2150E333-8FDC-42A3-9474-1A3956D46DE8}") = "Tests", "Tests", "{6BFCBF0E-2B21-420D-9E96-FE0C9C5D187A}"
EndProject
Project("{FAE04EC0-301F-11D3-BF4B-00C04F79EFBC}") = "WebApi.UnitTests", "Tests\WebApi.UnitTests\WebApi.UnitTests.csproj", "{7C45E56D-1423-4100-90C2-40FA618D93CB}"
EndProject
Global
	GlobalSection(SolutionConfigurationPlatforms) = preSolution
		Debug|Any CPU = Debug|Any CPU
		Debug|x64 = Debug|x64
		Debug|x86 = Debug|x86
		Release|Any CPU = Release|Any CPU
		Release|x64 = Release|x64
		Release|x86 = Release|x86
	EndGlobalSection
	GlobalSection(SolutionProperties) = preSolution
		HideSolutionNode = FALSE
	EndGlobalSection
	GlobalSection(ProjectConfigurationPlatforms) = postSolution
		{710ACF9B-ACD0-4222-A46F-AA0C746819DD}.Debug|Any CPU.ActiveCfg = Debug|Any CPU
		{710ACF9B-ACD0-4222-A46F-AA0C746819DD}.Debug|Any CPU.Build.0 = Debug|Any CPU
		{710ACF9B-ACD0-4222-A46F-AA0C746819DD}.Debug|x64.ActiveCfg = Debug|Any CPU
		{710ACF9B-ACD0-4222-A46F-AA0C746819DD}.Debug|x64.Build.0 = Debug|Any CPU
		{710ACF9B-ACD0-4222-A46F-AA0C746819DD}.Debug|x86.ActiveCfg = Debug|Any CPU
		{710ACF9B-ACD0-4222-A46F-AA0C746819DD}.Debug|x86.Build.0 = Debug|Any CPU
		{710ACF9B-ACD0-4222-A46F-AA0C746819DD}.Release|Any CPU.ActiveCfg = Release|Any CPU
		{710ACF9B-ACD0-4222-A46F-AA0C746819DD}.Release|Any CPU.Build.0 = Release|Any CPU
		{710ACF9B-ACD0-4222-A46F-AA0C746819DD}.Release|x64.ActiveCfg = Release|Any CPU
		{710ACF9B-ACD0-4222-A46F-AA0C746819DD}.Release|x64.Build.0 = Release|Any CPU
		{710ACF9B-ACD0-4222-A46F-AA0C746819DD}.Release|x86.ActiveCfg = Release|Any CPU
		{710ACF9B-ACD0-4222-A46F-AA0C746819DD}.Release|x86.Build.0 = Release|Any CPU
		{7C45E56D-1423-4100-90C2-40FA618D93CB}.Debug|Any CPU.ActiveCfg = Debug|Any CPU
		{7C45E56D-1423-4100-90C2-40FA618D93CB}.Debug|Any CPU.Build.0 = Debug|Any CPU
		{7C45E56D-1423-4100-90C2-40FA618D93CB}.Debug|x64.ActiveCfg = Debug|Any CPU
		{7C45E56D-1423-4100-90C2-40FA618D93CB}.Debug|x64.Build.0 = Debug|Any CPU
		{7C45E56D-1423-4100-90C2-40FA618D93CB}.Debug|x86.ActiveCfg = Debug|Any CPU
		{7C45E56D-1423-4100-90C2-40FA618D93CB}.Debug|x86.Build.0 = Debug|Any CPU
		{7C45E56D-1423-4100-90C2-40FA618D93CB}.Release|Any CPU.ActiveCfg = Release|Any CPU
		{7C45E56D-1423-4100-90C2-40FA618D93CB}.Release|Any CPU.Build.0 = Release|Any CPU
		{7C45E56D-1423-4100-90C2-40FA618D93CB}.Release|x64.ActiveCfg = Release|Any CPU
		{7C45E56D-1423-4100-90C2-40FA618D93CB}.Release|x64.Build.0 = Release|Any CPU
		{7C45E56D-1423-4100-90C2-40FA618D93CB}.Release|x86.ActiveCfg = Release|Any CPU
		{7C45E56D-1423-4100-90C2-40FA618D93CB}.Release|x86.Build.0 = Release|Any CPU
	EndGlobalSection
	GlobalSection(NestedProjects) = preSolution
		{7C45E56D-1423-4100-90C2-40FA618D93CB} = {6BFCBF0E-2B21-420D-9E96-FE0C9C5D187A}
	EndGlobalSection
EndGlobal
